
Microsoft Visual Studio Solution File, Format Version 12.00
# Visual Studio Version 16
VisualStudioVersion = 16.0.29709.97
MinimumVisualStudioVersion = 10.0.40219.1
Project("{FAE04EC0-301F-11D3-BF4B-00C04F79EFBC}") = "Console", "Console\Console.csproj", "{612F2FCE-61BC-414F-9048-956C9A04FC80}"
EndProject
Project("{FAE04EC0-301F-11D3-BF4B-00C04F79EFBC}") = "MNISTLoader", "MNISTLoader\MNISTLoader.csproj", "{42B32B25-A318-4B3B-BC54-4D3925A98E1A}"
EndProject
Project("{FAE04EC0-301F-11D3-BF4B-00C04F79EFBC}") = "DigitInput", "DigitInput\DigitInput.csproj", "{5F883FCD-E33B-4631-B56C-EBB8D27157A2}"
EndProject
Project("{FAE04EC0-301F-11D3-BF4B-00C04F79EFBC}") = "DigitRecognizer", "DigitRecognizer\DigitRecognizer.csproj", "{96CEDBAA-C3F6-46A0-B017-FADEFB51705C}"
EndProject
Global
	GlobalSection(SolutionConfigurationPlatforms) = preSolution
		Debug|Any CPU = Debug|Any CPU
		Release|Any CPU = Release|Any CPU
	EndGlobalSection
	GlobalSection(ProjectConfigurationPlatforms) = postSolution
		{612F2FCE-61BC-414F-9048-956C9A04FC80}.Debug|Any CPU.ActiveCfg = Debug|Any CPU
		{612F2FCE-61BC-414F-9048-956C9A04FC80}.Debug|Any CPU.Build.0 = Debug|Any CPU
		{612F2FCE-61BC-414F-9048-956C9A04FC80}.Release|Any CPU.ActiveCfg = Release|Any CPU
		{612F2FCE-61BC-414F-9048-956C9A04FC80}.Release|Any CPU.Build.0 = Release|Any CPU
		{42B32B25-A318-4B3B-BC54-4D3925A98E1A}.Debug|Any CPU.ActiveCfg = Debug|Any CPU
		{42B32B25-A318-4B3B-BC54-4D3925A98E1A}.Debug|Any CPU.Build.0 = Debug|Any CPU
		{42B32B25-A318-4B3B-BC54-4D3925A98E1A}.Release|Any CPU.ActiveCfg = Release|Any CPU
		{42B32B25-A318-4B3B-BC54-4D3925A98E1A}.Release|Any CPU.Build.0 = Release|Any CPU
		{5F883FCD-E33B-4631-B56C-EBB8D27157A2}.Debug|Any CPU.ActiveCfg = Debug|Any CPU
		{5F883FCD-E33B-4631-B56C-EBB8D27157A2}.Debug|Any CPU.Build.0 = Debug|Any CPU
		{5F883FCD-E33B-4631-B56C-EBB8D27157A2}.Release|Any CPU.ActiveCfg = Release|Any CPU
		{5F883FCD-E33B-4631-B56C-EBB8D27157A2}.Release|Any CPU.Build.0 = Release|Any CPU
		{96CEDBAA-C3F6-46A0-B017-FADEFB51705C}.Debug|Any CPU.ActiveCfg = Debug|Any CPU
		{96CEDBAA-C3F6-46A0-B017-FADEFB51705C}.Debug|Any CPU.Build.0 = Debug|Any CPU
		{96CEDBAA-C3F6-46A0-B017-FADEFB51705C}.Release|Any CPU.ActiveCfg = Release|Any CPU
		{96CEDBAA-C3F6-46A0-B017-FADEFB51705C}.Release|Any CPU.Build.0 = Release|Any CPU
	EndGlobalSection
	GlobalSection(SolutionProperties) = preSolution
		HideSolutionNode = FALSE
	EndGlobalSection
	GlobalSection(ExtensibilityGlobals) = postSolution
		SolutionGuid = {F1AB56E2-FB03-40C8-BC65-7C819D82204D}
	EndGlobalSection
EndGlobal
